// !$*UTF8*$!
{
	archiveVersion = 1;
	classes = {
	};
	objectVersion = 50;
	objects = {

/* Begin PBXBuildFile section */
		E5764AD62361351C00CA390C /* PokemonStatResponse.swift in Sources */ = {isa = PBXBuildFile; fileRef = E5764AD52361351C00CA390C /* PokemonStatResponse.swift */; };
		E57C96DC237A0F7600C27101 /* Home.storyboard in Resources */ = {isa = PBXBuildFile; fileRef = E57C96DB237A0F7600C27101 /* Home.storyboard */; };
		E57C96E0237A10E900C27101 /* ImagesAssets.xcassets in Resources */ = {isa = PBXBuildFile; fileRef = E57C96DF237A10E900C27101 /* ImagesAssets.xcassets */; };
		E57C96E2237A10FF00C27101 /* ColorsAssets.xcassets in Resources */ = {isa = PBXBuildFile; fileRef = E57C96E1237A10FF00C27101 /* ColorsAssets.xcassets */; };
		E57C96E4237A11FC00C27101 /* BaseViewController.swift in Sources */ = {isa = PBXBuildFile; fileRef = E57C96E3237A11FC00C27101 /* BaseViewController.swift */; };
		E587BF6A2360DBD40030B998 /* DefaultPokemonModel.swift in Sources */ = {isa = PBXBuildFile; fileRef = E587BF692360DBD40030B998 /* DefaultPokemonModel.swift */; };
		E587BF722360E1070030B998 /* DetailPokemonPresenter.swift in Sources */ = {isa = PBXBuildFile; fileRef = E587BF6C2360E1070030B998 /* DetailPokemonPresenter.swift */; };
		E587BF732360E1070030B998 /* DetailPokemonWorker.swift in Sources */ = {isa = PBXBuildFile; fileRef = E587BF6D2360E1070030B998 /* DetailPokemonWorker.swift */; };
		E587BF742360E1070030B998 /* DetailPokemonRouter.swift in Sources */ = {isa = PBXBuildFile; fileRef = E587BF6E2360E1070030B998 /* DetailPokemonRouter.swift */; };
		E587BF752360E1070030B998 /* DetailPokemonModels.swift in Sources */ = {isa = PBXBuildFile; fileRef = E587BF6F2360E1070030B998 /* DetailPokemonModels.swift */; };
		E587BF762360E1070030B998 /* DetailPokemonViewController.swift in Sources */ = {isa = PBXBuildFile; fileRef = E587BF702360E1070030B998 /* DetailPokemonViewController.swift */; };
		E587BF772360E1070030B998 /* DetailPokemonInteractor.swift in Sources */ = {isa = PBXBuildFile; fileRef = E587BF712360E1070030B998 /* DetailPokemonInteractor.swift */; };
		E587BF7B236109DF0030B998 /* PokemonTypeResponse.swift in Sources */ = {isa = PBXBuildFile; fileRef = E587BF7A236109DF0030B998 /* PokemonTypeResponse.swift */; };
		E591EABF23581DDF00C67BAD /* AppDelegate.swift in Sources */ = {isa = PBXBuildFile; fileRef = E591EABE23581DDF00C67BAD /* AppDelegate.swift */; };
		E591EAC623581DDF00C67BAD /* Main.storyboard in Resources */ = {isa = PBXBuildFile; fileRef = E591EAC423581DDF00C67BAD /* Main.storyboard */; };
		E591EAC823581DE000C67BAD /* Assets.xcassets in Resources */ = {isa = PBXBuildFile; fileRef = E591EAC723581DE000C67BAD /* Assets.xcassets */; };
		E591EACB23581DE000C67BAD /* LaunchScreen.storyboard in Resources */ = {isa = PBXBuildFile; fileRef = E591EAC923581DE000C67BAD /* LaunchScreen.storyboard */; };
		E591EB0623596DA900C67BAD /* EndPointType.swift in Sources */ = {isa = PBXBuildFile; fileRef = E591EB0523596DA900C67BAD /* EndPointType.swift */; };
		E591EB0823596E0200C67BAD /* API.swift in Sources */ = {isa = PBXBuildFile; fileRef = E591EB0723596E0200C67BAD /* API.swift */; };
		E5C2C85D235CAFBE00B1DE74 /* Theme-PokemonType.swift in Sources */ = {isa = PBXBuildFile; fileRef = E5C2C85C235CAFBE00B1DE74 /* Theme-PokemonType.swift */; };
		E5D5A2FC235D513800DA6D92 /* SceneDelegate.swift in Sources */ = {isa = PBXBuildFile; fileRef = E5D5A2FB235D513800DA6D92 /* SceneDelegate.swift */; };
		E5D5A301235E213C00DA6D92 /* Router.swift in Sources */ = {isa = PBXBuildFile; fileRef = E5D5A300235E213C00DA6D92 /* Router.swift */; };
		E5D5A307235E54C200DA6D92 /* NetworkManager.swift in Sources */ = {isa = PBXBuildFile; fileRef = E5D5A306235E54C200DA6D92 /* NetworkManager.swift */; };
		E5D5A309235E596300DA6D92 /* HTTPMethod.swift in Sources */ = {isa = PBXBuildFile; fileRef = E5D5A308235E596300DA6D92 /* HTTPMethod.swift */; };
		E5D5A30E235E959A00DA6D92 /* JSONParameterEncoder.swift in Sources */ = {isa = PBXBuildFile; fileRef = E5D5A30D235E959A00DA6D92 /* JSONParameterEncoder.swift */; };
		E5D5A310235E95E100DA6D92 /* ParameterEncoding.swift in Sources */ = {isa = PBXBuildFile; fileRef = E5D5A30F235E95E100DA6D92 /* ParameterEncoding.swift */; };
		E5D5A312235E981800DA6D92 /* URLParameterEncoder.swift in Sources */ = {isa = PBXBuildFile; fileRef = E5D5A311235E981800DA6D92 /* URLParameterEncoder.swift */; };
		E5D5A314235E99E500DA6D92 /* HTTPTask.swift in Sources */ = {isa = PBXBuildFile; fileRef = E5D5A313235E99E500DA6D92 /* HTTPTask.swift */; };
		E5D5A317235F5ACD00DA6D92 /* BasicViewController.swift in Sources */ = {isa = PBXBuildFile; fileRef = E5D5A316235F5ACD00DA6D92 /* BasicViewController.swift */; };
		E5D5A319235F70DB00DA6D92 /* AllPokemonUseCase.swift in Sources */ = {isa = PBXBuildFile; fileRef = E5D5A318235F70DB00DA6D92 /* AllPokemonUseCase.swift */; };
		E5D5A31B235F70ED00DA6D92 /* BasicUseCase.swift in Sources */ = {isa = PBXBuildFile; fileRef = E5D5A31A235F70ED00DA6D92 /* BasicUseCase.swift */; };
		E5D5A31D235F75AE00DA6D92 /* NetworkManager-Pokemons.swift in Sources */ = {isa = PBXBuildFile; fileRef = E5D5A31C235F75AE00DA6D92 /* NetworkManager-Pokemons.swift */; };
		E5D5A325235FD19F00DA6D92 /* HomePresenter.swift in Sources */ = {isa = PBXBuildFile; fileRef = E5D5A31F235FD19F00DA6D92 /* HomePresenter.swift */; };
		E5D5A326235FD19F00DA6D92 /* HomeWorker.swift in Sources */ = {isa = PBXBuildFile; fileRef = E5D5A320235FD19F00DA6D92 /* HomeWorker.swift */; };
		E5D5A327235FD19F00DA6D92 /* HomeRouter.swift in Sources */ = {isa = PBXBuildFile; fileRef = E5D5A321235FD19F00DA6D92 /* HomeRouter.swift */; };
		E5D5A328235FD19F00DA6D92 /* HomeModels.swift in Sources */ = {isa = PBXBuildFile; fileRef = E5D5A322235FD19F00DA6D92 /* HomeModels.swift */; };
		E5D5A329235FD19F00DA6D92 /* HomeViewController.swift in Sources */ = {isa = PBXBuildFile; fileRef = E5D5A323235FD19F00DA6D92 /* HomeViewController.swift */; };
		E5D5A32A235FD19F00DA6D92 /* HomeInteractor.swift in Sources */ = {isa = PBXBuildFile; fileRef = E5D5A324235FD19F00DA6D92 /* HomeInteractor.swift */; };
		E5D5A338235FD2F300DA6D92 /* HomeViewControllerTests.swift in Sources */ = {isa = PBXBuildFile; fileRef = E5D5A334235FD2F300DA6D92 /* HomeViewControllerTests.swift */; };
		E5D5A339235FD2F300DA6D92 /* HomeInteractorTests.swift in Sources */ = {isa = PBXBuildFile; fileRef = E5D5A335235FD2F300DA6D92 /* HomeInteractorTests.swift */; };
		E5D5A33A235FD2F300DA6D92 /* HomeWorkerTests.swift in Sources */ = {isa = PBXBuildFile; fileRef = E5D5A336235FD2F300DA6D92 /* HomeWorkerTests.swift */; };
		E5D5A33B235FD2F300DA6D92 /* HomePresenterTests.swift in Sources */ = {isa = PBXBuildFile; fileRef = E5D5A337235FD2F300DA6D92 /* HomePresenterTests.swift */; };
		E5D5A33F235FE81100DA6D92 /* BasicAPIResponse.swift in Sources */ = {isa = PBXBuildFile; fileRef = E5D5A33E235FE81100DA6D92 /* BasicAPIResponse.swift */; };
		E5D5A341235FE90F00DA6D92 /* PokemonResponse.swift in Sources */ = {isa = PBXBuildFile; fileRef = E5D5A340235FE90F00DA6D92 /* PokemonResponse.swift */; };
		E5D5A3462360B85700DA6D92 /* APIImage.swift in Sources */ = {isa = PBXBuildFile; fileRef = E5D5A3452360B85700DA6D92 /* APIImage.swift */; };
		E5D5A3482360BBD800DA6D92 /* NetworkRouterProtocol.swift in Sources */ = {isa = PBXBuildFile; fileRef = E5D5A3472360BBD800DA6D92 /* NetworkRouterProtocol.swift */; };
		E5D5A34B2360C9AC00DA6D92 /* HomeTableViewCell.swift in Sources */ = {isa = PBXBuildFile; fileRef = E5D5A3492360C9AC00DA6D92 /* HomeTableViewCell.swift */; };
		E5D5A34C2360C9AC00DA6D92 /* HomeTableViewCell.xib in Resources */ = {isa = PBXBuildFile; fileRef = E5D5A34A2360C9AC00DA6D92 /* HomeTableViewCell.xib */; };
		E5D5A3512360CF0400DA6D92 /* NibView.swift in Sources */ = {isa = PBXBuildFile; fileRef = E5D5A3502360CF0400DA6D92 /* NibView.swift */; };
		E5D5A3542360D1E200DA6D92 /* Int-Extension.swift in Sources */ = {isa = PBXBuildFile; fileRef = E5D5A3532360D1E200DA6D92 /* Int-Extension.swift */; };
/* End PBXBuildFile section */

/* Begin PBXContainerItemProxy section */
		E591EAD223581DE000C67BAD /* PBXContainerItemProxy */ = {
			isa = PBXContainerItemProxy;
			containerPortal = E591EAB323581DDF00C67BAD /* Project object */;
			proxyType = 1;
			remoteGlobalIDString = E591EABA23581DDF00C67BAD;
			remoteInfo = PokeDex;
		};
/* End PBXContainerItemProxy section */

/* Begin PBXFileReference section */
		E5764AD52361351C00CA390C /* PokemonStatResponse.swift */ = {isa = PBXFileReference; lastKnownFileType = sourcecode.swift; path = PokemonStatResponse.swift; sourceTree = "<group>"; };
		E57C96DB237A0F7600C27101 /* Home.storyboard */ = {isa = PBXFileReference; lastKnownFileType = file.storyboard; path = Home.storyboard; sourceTree = "<group>"; };
		E57C96DF237A10E900C27101 /* ImagesAssets.xcassets */ = {isa = PBXFileReference; lastKnownFileType = folder.assetcatalog; path = ImagesAssets.xcassets; sourceTree = "<group>"; };
		E57C96E1237A10FF00C27101 /* ColorsAssets.xcassets */ = {isa = PBXFileReference; lastKnownFileType = folder.assetcatalog; path = ColorsAssets.xcassets; sourceTree = "<group>"; };
		E57C96E3237A11FC00C27101 /* BaseViewController.swift */ = {isa = PBXFileReference; lastKnownFileType = sourcecode.swift; path = BaseViewController.swift; sourceTree = "<group>"; };
		E587BF692360DBD40030B998 /* DefaultPokemonModel.swift */ = {isa = PBXFileReference; lastKnownFileType = sourcecode.swift; path = DefaultPokemonModel.swift; sourceTree = "<group>"; };
		E587BF6C2360E1070030B998 /* DetailPokemonPresenter.swift */ = {isa = PBXFileReference; lastKnownFileType = sourcecode.swift; path = DetailPokemonPresenter.swift; sourceTree = "<group>"; };
		E587BF6D2360E1070030B998 /* DetailPokemonWorker.swift */ = {isa = PBXFileReference; lastKnownFileType = sourcecode.swift; path = DetailPokemonWorker.swift; sourceTree = "<group>"; };
		E587BF6E2360E1070030B998 /* DetailPokemonRouter.swift */ = {isa = PBXFileReference; lastKnownFileType = sourcecode.swift; path = DetailPokemonRouter.swift; sourceTree = "<group>"; };
		E587BF6F2360E1070030B998 /* DetailPokemonModels.swift */ = {isa = PBXFileReference; lastKnownFileType = sourcecode.swift; path = DetailPokemonModels.swift; sourceTree = "<group>"; };
		E587BF702360E1070030B998 /* DetailPokemonViewController.swift */ = {isa = PBXFileReference; lastKnownFileType = sourcecode.swift; path = DetailPokemonViewController.swift; sourceTree = "<group>"; };
		E587BF712360E1070030B998 /* DetailPokemonInteractor.swift */ = {isa = PBXFileReference; lastKnownFileType = sourcecode.swift; path = DetailPokemonInteractor.swift; sourceTree = "<group>"; };
		E587BF7A236109DF0030B998 /* PokemonTypeResponse.swift */ = {isa = PBXFileReference; lastKnownFileType = sourcecode.swift; path = PokemonTypeResponse.swift; sourceTree = "<group>"; };
		E591EABB23581DDF00C67BAD /* PokeDex.app */ = {isa = PBXFileReference; explicitFileType = wrapper.application; includeInIndex = 0; path = PokeDex.app; sourceTree = BUILT_PRODUCTS_DIR; };
		E591EABE23581DDF00C67BAD /* AppDelegate.swift */ = {isa = PBXFileReference; lastKnownFileType = sourcecode.swift; path = AppDelegate.swift; sourceTree = "<group>"; };
		E591EAC523581DDF00C67BAD /* Base */ = {isa = PBXFileReference; lastKnownFileType = file.storyboard; name = Base; path = Base.lproj/Main.storyboard; sourceTree = "<group>"; };
		E591EAC723581DE000C67BAD /* Assets.xcassets */ = {isa = PBXFileReference; lastKnownFileType = folder.assetcatalog; path = Assets.xcassets; sourceTree = "<group>"; };
		E591EACA23581DE000C67BAD /* Base */ = {isa = PBXFileReference; lastKnownFileType = file.storyboard; name = Base; path = Base.lproj/LaunchScreen.storyboard; sourceTree = "<group>"; };
		E591EACC23581DE000C67BAD /* Info.plist */ = {isa = PBXFileReference; lastKnownFileType = text.plist.xml; path = Info.plist; sourceTree = "<group>"; };
		E591EAD123581DE000C67BAD /* PokeDexTests.xctest */ = {isa = PBXFileReference; explicitFileType = wrapper.cfbundle; includeInIndex = 0; path = PokeDexTests.xctest; sourceTree = BUILT_PRODUCTS_DIR; };
		E591EAD723581DE000C67BAD /* Info.plist */ = {isa = PBXFileReference; lastKnownFileType = text.plist.xml; path = Info.plist; sourceTree = "<group>"; };
		E591EB0523596DA900C67BAD /* EndPointType.swift */ = {isa = PBXFileReference; lastKnownFileType = sourcecode.swift; path = EndPointType.swift; sourceTree = "<group>"; };
		E591EB0723596E0200C67BAD /* API.swift */ = {isa = PBXFileReference; lastKnownFileType = sourcecode.swift; path = API.swift; sourceTree = "<group>"; };
		E5C2C85C235CAFBE00B1DE74 /* Theme-PokemonType.swift */ = {isa = PBXFileReference; lastKnownFileType = sourcecode.swift; path = "Theme-PokemonType.swift"; sourceTree = "<group>"; };
		E5D5A2FB235D513800DA6D92 /* SceneDelegate.swift */ = {isa = PBXFileReference; fileEncoding = 4; lastKnownFileType = sourcecode.swift; path = SceneDelegate.swift; sourceTree = "<group>"; };
		E5D5A300235E213C00DA6D92 /* Router.swift */ = {isa = PBXFileReference; lastKnownFileType = sourcecode.swift; path = Router.swift; sourceTree = "<group>"; };
		E5D5A306235E54C200DA6D92 /* NetworkManager.swift */ = {isa = PBXFileReference; lastKnownFileType = sourcecode.swift; path = NetworkManager.swift; sourceTree = "<group>"; };
		E5D5A308235E596300DA6D92 /* HTTPMethod.swift */ = {isa = PBXFileReference; lastKnownFileType = sourcecode.swift; path = HTTPMethod.swift; sourceTree = "<group>"; };
		E5D5A30D235E959A00DA6D92 /* JSONParameterEncoder.swift */ = {isa = PBXFileReference; lastKnownFileType = sourcecode.swift; path = JSONParameterEncoder.swift; sourceTree = "<group>"; };
		E5D5A30F235E95E100DA6D92 /* ParameterEncoding.swift */ = {isa = PBXFileReference; lastKnownFileType = sourcecode.swift; path = ParameterEncoding.swift; sourceTree = "<group>"; };
		E5D5A311235E981800DA6D92 /* URLParameterEncoder.swift */ = {isa = PBXFileReference; lastKnownFileType = sourcecode.swift; path = URLParameterEncoder.swift; sourceTree = "<group>"; };
		E5D5A313235E99E500DA6D92 /* HTTPTask.swift */ = {isa = PBXFileReference; lastKnownFileType = sourcecode.swift; path = HTTPTask.swift; sourceTree = "<group>"; };
		E5D5A316235F5ACD00DA6D92 /* BasicViewController.swift */ = {isa = PBXFileReference; lastKnownFileType = sourcecode.swift; path = BasicViewController.swift; sourceTree = "<group>"; };
		E5D5A318235F70DB00DA6D92 /* AllPokemonUseCase.swift */ = {isa = PBXFileReference; lastKnownFileType = sourcecode.swift; path = AllPokemonUseCase.swift; sourceTree = "<group>"; };
		E5D5A31A235F70ED00DA6D92 /* BasicUseCase.swift */ = {isa = PBXFileReference; lastKnownFileType = sourcecode.swift; path = BasicUseCase.swift; sourceTree = "<group>"; };
		E5D5A31C235F75AE00DA6D92 /* NetworkManager-Pokemons.swift */ = {isa = PBXFileReference; lastKnownFileType = sourcecode.swift; path = "NetworkManager-Pokemons.swift"; sourceTree = "<group>"; };
		E5D5A31F235FD19F00DA6D92 /* HomePresenter.swift */ = {isa = PBXFileReference; lastKnownFileType = sourcecode.swift; path = HomePresenter.swift; sourceTree = "<group>"; };
		E5D5A320235FD19F00DA6D92 /* HomeWorker.swift */ = {isa = PBXFileReference; lastKnownFileType = sourcecode.swift; path = HomeWorker.swift; sourceTree = "<group>"; };
		E5D5A321235FD19F00DA6D92 /* HomeRouter.swift */ = {isa = PBXFileReference; lastKnownFileType = sourcecode.swift; path = HomeRouter.swift; sourceTree = "<group>"; };
		E5D5A322235FD19F00DA6D92 /* HomeModels.swift */ = {isa = PBXFileReference; lastKnownFileType = sourcecode.swift; path = HomeModels.swift; sourceTree = "<group>"; };
		E5D5A323235FD19F00DA6D92 /* HomeViewController.swift */ = {isa = PBXFileReference; lastKnownFileType = sourcecode.swift; path = HomeViewController.swift; sourceTree = "<group>"; };
		E5D5A324235FD19F00DA6D92 /* HomeInteractor.swift */ = {isa = PBXFileReference; lastKnownFileType = sourcecode.swift; path = HomeInteractor.swift; sourceTree = "<group>"; };
		E5D5A334235FD2F300DA6D92 /* HomeViewControllerTests.swift */ = {isa = PBXFileReference; lastKnownFileType = sourcecode.swift; path = HomeViewControllerTests.swift; sourceTree = "<group>"; };
		E5D5A335235FD2F300DA6D92 /* HomeInteractorTests.swift */ = {isa = PBXFileReference; lastKnownFileType = sourcecode.swift; path = HomeInteractorTests.swift; sourceTree = "<group>"; };
		E5D5A336235FD2F300DA6D92 /* HomeWorkerTests.swift */ = {isa = PBXFileReference; lastKnownFileType = sourcecode.swift; path = HomeWorkerTests.swift; sourceTree = "<group>"; };
		E5D5A337235FD2F300DA6D92 /* HomePresenterTests.swift */ = {isa = PBXFileReference; lastKnownFileType = sourcecode.swift; path = HomePresenterTests.swift; sourceTree = "<group>"; };
		E5D5A33E235FE81100DA6D92 /* BasicAPIResponse.swift */ = {isa = PBXFileReference; fileEncoding = 4; lastKnownFileType = sourcecode.swift; path = BasicAPIResponse.swift; sourceTree = "<group>"; };
		E5D5A340235FE90F00DA6D92 /* PokemonResponse.swift */ = {isa = PBXFileReference; lastKnownFileType = sourcecode.swift; path = PokemonResponse.swift; sourceTree = "<group>"; };
		E5D5A3452360B85700DA6D92 /* APIImage.swift */ = {isa = PBXFileReference; lastKnownFileType = sourcecode.swift; path = APIImage.swift; sourceTree = "<group>"; };
		E5D5A3472360BBD800DA6D92 /* NetworkRouterProtocol.swift */ = {isa = PBXFileReference; lastKnownFileType = sourcecode.swift; path = NetworkRouterProtocol.swift; sourceTree = "<group>"; };
		E5D5A3492360C9AC00DA6D92 /* HomeTableViewCell.swift */ = {isa = PBXFileReference; lastKnownFileType = sourcecode.swift; path = HomeTableViewCell.swift; sourceTree = "<group>"; };
		E5D5A34A2360C9AC00DA6D92 /* HomeTableViewCell.xib */ = {isa = PBXFileReference; lastKnownFileType = file.xib; path = HomeTableViewCell.xib; sourceTree = "<group>"; };
		E5D5A3502360CF0400DA6D92 /* NibView.swift */ = {isa = PBXFileReference; lastKnownFileType = sourcecode.swift; path = NibView.swift; sourceTree = "<group>"; };
		E5D5A3532360D1E200DA6D92 /* Int-Extension.swift */ = {isa = PBXFileReference; lastKnownFileType = sourcecode.swift; path = "Int-Extension.swift"; sourceTree = "<group>"; };
/* End PBXFileReference section */

/* Begin PBXFrameworksBuildPhase section */
		E591EAB823581DDF00C67BAD /* Frameworks */ = {
			isa = PBXFrameworksBuildPhase;
			buildActionMask = 2147483647;
			files = (
			);
			runOnlyForDeploymentPostprocessing = 0;
		};
		E591EACE23581DE000C67BAD /* Frameworks */ = {
			isa = PBXFrameworksBuildPhase;
			buildActionMask = 2147483647;
			files = (
			);
			runOnlyForDeploymentPostprocessing = 0;
		};
/* End PBXFrameworksBuildPhase section */

/* Begin PBXGroup section */
		E57C96D8237A09F400C27101 /* Old */ = {
			isa = PBXGroup;
			children = (
				E591EAC423581DDF00C67BAD /* Main.storyboard */,
				E591EAF62359666E00C67BAD /* Scenes */,
				E591EB09235CAF5B00C67BAD /* PokeDexAssets */,
				E591EB0023596C4D00C67BAD /* Networking */,
				E591EAFF23596C2400C67BAD /* Models */,
			);
			path = Old;
			sourceTree = "<group>";
		};
		E57C96D9237A09FB00C27101 /* Old */ = {
			isa = PBXGroup;
			children = (
			);
			path = Old;
			sourceTree = "<group>";
		};
		E57C96DA237A0F5F00C27101 /* Storyboards */ = {
			isa = PBXGroup;
			children = (
				E57C96DB237A0F7600C27101 /* Home.storyboard */,
			);
			path = Storyboards;
			sourceTree = "<group>";
		};
		E57C96DD237A0FA900C27101 /* Modules */ = {
			isa = PBXGroup;
			children = (
				E57C96E3237A11FC00C27101 /* BaseViewController.swift */,
			);
			path = Modules;
			sourceTree = "<group>";
		};
		E57C96DE237A10BF00C27101 /* Appearance */ = {
			isa = PBXGroup;
			children = (
				E57C96DF237A10E900C27101 /* ImagesAssets.xcassets */,
				E57C96E1237A10FF00C27101 /* ColorsAssets.xcassets */,
			);
			path = Appearance;
			sourceTree = "<group>";
		};
		E587BF6B2360E0A00030B998 /* DetailPokemon */ = {
			isa = PBXGroup;
			children = (
				E587BF6C2360E1070030B998 /* DetailPokemonPresenter.swift */,
				E587BF6D2360E1070030B998 /* DetailPokemonWorker.swift */,
				E587BF6E2360E1070030B998 /* DetailPokemonRouter.swift */,
				E587BF6F2360E1070030B998 /* DetailPokemonModels.swift */,
				E587BF702360E1070030B998 /* DetailPokemonViewController.swift */,
				E587BF712360E1070030B998 /* DetailPokemonInteractor.swift */,
			);
			path = DetailPokemon;
			sourceTree = "<group>";
		};
		E591EAB223581DDF00C67BAD = {
			isa = PBXGroup;
			children = (
				E591EABD23581DDF00C67BAD /* PokeDex */,
				E591EAD423581DE000C67BAD /* PokeDexTests */,
				E591EABC23581DDF00C67BAD /* Products */,
			);
			sourceTree = "<group>";
		};
		E591EABC23581DDF00C67BAD /* Products */ = {
			isa = PBXGroup;
			children = (
				E591EABB23581DDF00C67BAD /* PokeDex.app */,
				E591EAD123581DE000C67BAD /* PokeDexTests.xctest */,
			);
			name = Products;
			sourceTree = "<group>";
		};
		E591EABD23581DDF00C67BAD /* PokeDex */ = {
			isa = PBXGroup;
			children = (
				E57C96DE237A10BF00C27101 /* Appearance */,
				E57C96DD237A0FA900C27101 /* Modules */,
				E57C96DA237A0F5F00C27101 /* Storyboards */,
				E591EACC23581DE000C67BAD /* Info.plist */,
				E5D5A2FD235DFEF500DA6D92 /* Launch */,
				E5D5A34E2360CCF300DA6D92 /* Utils */,
				E57C96D8237A09F400C27101 /* Old */,
			);
			path = PokeDex;
			sourceTree = "<group>";
		};
		E591EAD423581DE000C67BAD /* PokeDexTests */ = {
			isa = PBXGroup;
			children = (
				E57C96D9237A09FB00C27101 /* Old */,
				E591EAF42359665A00C67BAD /* Scenes */,
				E591EAD723581DE000C67BAD /* Info.plist */,
			);
			path = PokeDexTests;
			sourceTree = "<group>";
		};
		E591EAF42359665A00C67BAD /* Scenes */ = {
			isa = PBXGroup;
			children = (
				E5D5A32B235FD22A00DA6D92 /* Home */,
			);
			path = Scenes;
			sourceTree = "<group>";
		};
		E591EAF62359666E00C67BAD /* Scenes */ = {
			isa = PBXGroup;
			children = (
				E587BF6B2360E0A00030B998 /* DetailPokemon */,
				E5D5A31E235FD13F00DA6D92 /* Home */,
				E5D5A315235F5AB700DA6D92 /* Basic */,
			);
			path = Scenes;
			sourceTree = "<group>";
		};
		E591EAFF23596C2400C67BAD /* Models */ = {
			isa = PBXGroup;
			children = (
				E5D5A342235FEA4400DA6D92 /* Pokemon */,
				E5D5A33E235FE81100DA6D92 /* BasicAPIResponse.swift */,
			);
			path = Models;
			sourceTree = "<group>";
		};
		E591EB0023596C4D00C67BAD /* Networking */ = {
			isa = PBXGroup;
			children = (
				E5D5A30C235E954F00DA6D92 /* Encoding */,
				E591EB0223596C6500C67BAD /* EndPoint */,
				E591EB0323596C7000C67BAD /* Manager */,
				E591EB0423596C7900C67BAD /* Services */,
				E591EB0123596C5B00C67BAD /* UseCases */,
			);
			path = Networking;
			sourceTree = "<group>";
		};
		E591EB0123596C5B00C67BAD /* UseCases */ = {
			isa = PBXGroup;
			children = (
				E5D5A318235F70DB00DA6D92 /* AllPokemonUseCase.swift */,
				E5D5A31A235F70ED00DA6D92 /* BasicUseCase.swift */,
			);
			path = UseCases;
			sourceTree = "<group>";
		};
		E591EB0223596C6500C67BAD /* EndPoint */ = {
			isa = PBXGroup;
			children = (
				E591EB0723596E0200C67BAD /* API.swift */,
				E5D5A3452360B85700DA6D92 /* APIImage.swift */,
			);
			path = EndPoint;
			sourceTree = "<group>";
		};
		E591EB0323596C7000C67BAD /* Manager */ = {
			isa = PBXGroup;
			children = (
				E5D5A306235E54C200DA6D92 /* NetworkManager.swift */,
				E5D5A31C235F75AE00DA6D92 /* NetworkManager-Pokemons.swift */,
			);
			path = Manager;
			sourceTree = "<group>";
		};
		E591EB0423596C7900C67BAD /* Services */ = {
			isa = PBXGroup;
			children = (
				E591EB0523596DA900C67BAD /* EndPointType.swift */,
				E5D5A308235E596300DA6D92 /* HTTPMethod.swift */,
				E5D5A313235E99E500DA6D92 /* HTTPTask.swift */,
				E5D5A3472360BBD800DA6D92 /* NetworkRouterProtocol.swift */,
				E5D5A300235E213C00DA6D92 /* Router.swift */,
			);
			path = Services;
			sourceTree = "<group>";
		};
		E591EB09235CAF5B00C67BAD /* PokeDexAssets */ = {
			isa = PBXGroup;
			children = (
				E591EAC723581DE000C67BAD /* Assets.xcassets */,
				E5C2C85C235CAFBE00B1DE74 /* Theme-PokemonType.swift */,
			);
			path = PokeDexAssets;
			sourceTree = "<group>";
		};
		E5D5A2FD235DFEF500DA6D92 /* Launch */ = {
			isa = PBXGroup;
			children = (
				E591EABE23581DDF00C67BAD /* AppDelegate.swift */,
				E591EAC923581DE000C67BAD /* LaunchScreen.storyboard */,
				E5D5A2FB235D513800DA6D92 /* SceneDelegate.swift */,
			);
			path = Launch;
			sourceTree = "<group>";
		};
		E5D5A30C235E954F00DA6D92 /* Encoding */ = {
			isa = PBXGroup;
			children = (
				E5D5A30D235E959A00DA6D92 /* JSONParameterEncoder.swift */,
				E5D5A30F235E95E100DA6D92 /* ParameterEncoding.swift */,
				E5D5A311235E981800DA6D92 /* URLParameterEncoder.swift */,
			);
			path = Encoding;
			sourceTree = "<group>";
		};
		E5D5A315235F5AB700DA6D92 /* Basic */ = {
			isa = PBXGroup;
			children = (
				E5D5A316235F5ACD00DA6D92 /* BasicViewController.swift */,
			);
			path = Basic;
			sourceTree = "<group>";
		};
		E5D5A31E235FD13F00DA6D92 /* Home */ = {
			isa = PBXGroup;
			children = (
				E5D5A34D2360C9B500DA6D92 /* View */,
				E5D5A31F235FD19F00DA6D92 /* HomePresenter.swift */,
				E5D5A320235FD19F00DA6D92 /* HomeWorker.swift */,
				E5D5A321235FD19F00DA6D92 /* HomeRouter.swift */,
				E5D5A322235FD19F00DA6D92 /* HomeModels.swift */,
				E5D5A323235FD19F00DA6D92 /* HomeViewController.swift */,
				E5D5A324235FD19F00DA6D92 /* HomeInteractor.swift */,
			);
			path = Home;
			sourceTree = "<group>";
		};
		E5D5A32B235FD22A00DA6D92 /* Home */ = {
			isa = PBXGroup;
			children = (
				E5D5A334235FD2F300DA6D92 /* HomeViewControllerTests.swift */,
				E5D5A335235FD2F300DA6D92 /* HomeInteractorTests.swift */,
				E5D5A336235FD2F300DA6D92 /* HomeWorkerTests.swift */,
				E5D5A337235FD2F300DA6D92 /* HomePresenterTests.swift */,
			);
			path = Home;
			sourceTree = "<group>";
		};
		E5D5A342235FEA4400DA6D92 /* Pokemon */ = {
			isa = PBXGroup;
			children = (
				E5D5A340235FE90F00DA6D92 /* PokemonResponse.swift */,
				E587BF692360DBD40030B998 /* DefaultPokemonModel.swift */,
				E587BF7A236109DF0030B998 /* PokemonTypeResponse.swift */,
				E5764AD52361351C00CA390C /* PokemonStatResponse.swift */,
			);
			path = Pokemon;
			sourceTree = "<group>";
		};
		E5D5A34D2360C9B500DA6D92 /* View */ = {
			isa = PBXGroup;
			children = (
				E5D5A3492360C9AC00DA6D92 /* HomeTableViewCell.swift */,
				E5D5A34A2360C9AC00DA6D92 /* HomeTableViewCell.xib */,
			);
			path = View;
			sourceTree = "<group>";
		};
		E5D5A34E2360CCF300DA6D92 /* Utils */ = {
			isa = PBXGroup;
			children = (
				E5D5A3522360D1D300DA6D92 /* Extension */,
				E5D5A34F2360CED500DA6D92 /* Common */,
			);
			path = Utils;
			sourceTree = "<group>";
		};
		E5D5A34F2360CED500DA6D92 /* Common */ = {
			isa = PBXGroup;
			children = (
				E5D5A3502360CF0400DA6D92 /* NibView.swift */,
			);
			path = Common;
			sourceTree = "<group>";
		};
		E5D5A3522360D1D300DA6D92 /* Extension */ = {
			isa = PBXGroup;
			children = (
				E5D5A3532360D1E200DA6D92 /* Int-Extension.swift */,
			);
			path = Extension;
			sourceTree = "<group>";
		};
/* End PBXGroup section */

/* Begin PBXNativeTarget section */
		E591EABA23581DDF00C67BAD /* PokeDex */ = {
			isa = PBXNativeTarget;
			buildConfigurationList = E591EADA23581DE000C67BAD /* Build configuration list for PBXNativeTarget "PokeDex" */;
			buildPhases = (
				E591EAB723581DDF00C67BAD /* Sources */,
				E591EAB823581DDF00C67BAD /* Frameworks */,
				E591EAB923581DDF00C67BAD /* Resources */,
			);
			buildRules = (
			);
			dependencies = (
			);
			name = PokeDex;
			packageProductDependencies = (
			);
			productName = PokeDex;
			productReference = E591EABB23581DDF00C67BAD /* PokeDex.app */;
			productType = "com.apple.product-type.application";
		};
		E591EAD023581DE000C67BAD /* PokeDexTests */ = {
			isa = PBXNativeTarget;
			buildConfigurationList = E591EADD23581DE000C67BAD /* Build configuration list for PBXNativeTarget "PokeDexTests" */;
			buildPhases = (
				E591EACD23581DE000C67BAD /* Sources */,
				E591EACE23581DE000C67BAD /* Frameworks */,
				E591EACF23581DE000C67BAD /* Resources */,
			);
			buildRules = (
			);
			dependencies = (
				E591EAD323581DE000C67BAD /* PBXTargetDependency */,
			);
			name = PokeDexTests;
			productName = PokeDexTests;
			productReference = E591EAD123581DE000C67BAD /* PokeDexTests.xctest */;
			productType = "com.apple.product-type.bundle.unit-test";
		};
/* End PBXNativeTarget section */

/* Begin PBXProject section */
		E591EAB323581DDF00C67BAD /* Project object */ = {
			isa = PBXProject;
			attributes = {
				LastSwiftUpdateCheck = 1110;
				LastUpgradeCheck = 1110;
				ORGANIZATIONNAME = "Pedro Ramos";
				TargetAttributes = {
					E591EABA23581DDF00C67BAD = {
						CreatedOnToolsVersion = 11.1;
					};
					E591EAD023581DE000C67BAD = {
						CreatedOnToolsVersion = 11.1;
						TestTargetID = E591EABA23581DDF00C67BAD;
					};
				};
			};
			buildConfigurationList = E591EAB623581DDF00C67BAD /* Build configuration list for PBXProject "PokeDex" */;
			compatibilityVersion = "Xcode 9.3";
			developmentRegion = en;
			hasScannedForEncodings = 0;
			knownRegions = (
				en,
				Base,
			);
			mainGroup = E591EAB223581DDF00C67BAD;
			packageReferences = (
			);
			productRefGroup = E591EABC23581DDF00C67BAD /* Products */;
			projectDirPath = "";
			projectRoot = "";
			targets = (
				E591EABA23581DDF00C67BAD /* PokeDex */,
				E591EAD023581DE000C67BAD /* PokeDexTests */,
			);
		};
/* End PBXProject section */

/* Begin PBXResourcesBuildPhase section */
		E591EAB923581DDF00C67BAD /* Resources */ = {
			isa = PBXResourcesBuildPhase;
			buildActionMask = 2147483647;
			files = (
				E591EACB23581DE000C67BAD /* LaunchScreen.storyboard in Resources */,
				E57C96DC237A0F7600C27101 /* Home.storyboard in Resources */,
				E57C96E2237A10FF00C27101 /* ColorsAssets.xcassets in Resources */,
				E57C96E0237A10E900C27101 /* ImagesAssets.xcassets in Resources */,
				E591EAC823581DE000C67BAD /* Assets.xcassets in Resources */,
				E5D5A34C2360C9AC00DA6D92 /* HomeTableViewCell.xib in Resources */,
				E591EAC623581DDF00C67BAD /* Main.storyboard in Resources */,
			);
			runOnlyForDeploymentPostprocessing = 0;
		};
		E591EACF23581DE000C67BAD /* Resources */ = {
			isa = PBXResourcesBuildPhase;
			buildActionMask = 2147483647;
			files = (
			);
			runOnlyForDeploymentPostprocessing = 0;
		};
/* End PBXResourcesBuildPhase section */

/* Begin PBXSourcesBuildPhase section */
		E591EAB723581DDF00C67BAD /* Sources */ = {
			isa = PBXSourcesBuildPhase;
			buildActionMask = 2147483647;
			files = (
				E5D5A319235F70DB00DA6D92 /* AllPokemonUseCase.swift in Sources */,
				E5D5A32A235FD19F00DA6D92 /* HomeInteractor.swift in Sources */,
				E5D5A30E235E959A00DA6D92 /* JSONParameterEncoder.swift in Sources */,
				E5D5A317235F5ACD00DA6D92 /* BasicViewController.swift in Sources */,
				E587BF742360E1070030B998 /* DetailPokemonRouter.swift in Sources */,
				E591EB0623596DA900C67BAD /* EndPointType.swift in Sources */,
				E5D5A3542360D1E200DA6D92 /* Int-Extension.swift in Sources */,
				E5D5A327235FD19F00DA6D92 /* HomeRouter.swift in Sources */,
				E5D5A329235FD19F00DA6D92 /* HomeViewController.swift in Sources */,
				E5D5A310235E95E100DA6D92 /* ParameterEncoding.swift in Sources */,
				E5D5A341235FE90F00DA6D92 /* PokemonResponse.swift in Sources */,
				E591EABF23581DDF00C67BAD /* AppDelegate.swift in Sources */,
				E5D5A314235E99E500DA6D92 /* HTTPTask.swift in Sources */,
				E5D5A301235E213C00DA6D92 /* Router.swift in Sources */,
				E5D5A312235E981800DA6D92 /* URLParameterEncoder.swift in Sources */,
				E587BF7B236109DF0030B998 /* PokemonTypeResponse.swift in Sources */,
				E5D5A31B235F70ED00DA6D92 /* BasicUseCase.swift in Sources */,
				E5D5A326235FD19F00DA6D92 /* HomeWorker.swift in Sources */,
				E5D5A34B2360C9AC00DA6D92 /* HomeTableViewCell.swift in Sources */,
				E5D5A3482360BBD800DA6D92 /* NetworkRouterProtocol.swift in Sources */,
				E5D5A33F235FE81100DA6D92 /* BasicAPIResponse.swift in Sources */,
				E5764AD62361351C00CA390C /* PokemonStatResponse.swift in Sources */,
				E5D5A309235E596300DA6D92 /* HTTPMethod.swift in Sources */,
				E5D5A325235FD19F00DA6D92 /* HomePresenter.swift in Sources */,
				E587BF722360E1070030B998 /* DetailPokemonPresenter.swift in Sources */,
				E587BF772360E1070030B998 /* DetailPokemonInteractor.swift in Sources */,
				E57C96E4237A11FC00C27101 /* BaseViewController.swift in Sources */,
				E5D5A3512360CF0400DA6D92 /* NibView.swift in Sources */,
				E5D5A3462360B85700DA6D92 /* APIImage.swift in Sources */,
				E587BF6A2360DBD40030B998 /* DefaultPokemonModel.swift in Sources */,
				E587BF752360E1070030B998 /* DetailPokemonModels.swift in Sources */,
				E5D5A2FC235D513800DA6D92 /* SceneDelegate.swift in Sources */,
				E587BF732360E1070030B998 /* DetailPokemonWorker.swift in Sources */,
				E5D5A31D235F75AE00DA6D92 /* NetworkManager-Pokemons.swift in Sources */,
				E5D5A328235FD19F00DA6D92 /* HomeModels.swift in Sources */,
				E5D5A307235E54C200DA6D92 /* NetworkManager.swift in Sources */,
				E587BF762360E1070030B998 /* DetailPokemonViewController.swift in Sources */,
				E5C2C85D235CAFBE00B1DE74 /* Theme-PokemonType.swift in Sources */,
				E591EB0823596E0200C67BAD /* API.swift in Sources */,
			);
			runOnlyForDeploymentPostprocessing = 0;
		};
		E591EACD23581DE000C67BAD /* Sources */ = {
			isa = PBXSourcesBuildPhase;
			buildActionMask = 2147483647;
			files = (
				E5D5A33A235FD2F300DA6D92 /* HomeWorkerTests.swift in Sources */,
				E5D5A338235FD2F300DA6D92 /* HomeViewControllerTests.swift in Sources */,
				E5D5A339235FD2F300DA6D92 /* HomeInteractorTests.swift in Sources */,
				E5D5A33B235FD2F300DA6D92 /* HomePresenterTests.swift in Sources */,
			);
			runOnlyForDeploymentPostprocessing = 0;
		};
/* End PBXSourcesBuildPhase section */

/* Begin PBXTargetDependency section */
		E591EAD323581DE000C67BAD /* PBXTargetDependency */ = {
			isa = PBXTargetDependency;
			target = E591EABA23581DDF00C67BAD /* PokeDex */;
			targetProxy = E591EAD223581DE000C67BAD /* PBXContainerItemProxy */;
		};
/* End PBXTargetDependency section */

/* Begin PBXVariantGroup section */
		E591EAC423581DDF00C67BAD /* Main.storyboard */ = {
			isa = PBXVariantGroup;
			children = (
				E591EAC523581DDF00C67BAD /* Base */,
			);
			name = Main.storyboard;
			sourceTree = "<group>";
		};
		E591EAC923581DE000C67BAD /* LaunchScreen.storyboard */ = {
			isa = PBXVariantGroup;
			children = (
				E591EACA23581DE000C67BAD /* Base */,
			);
			name = LaunchScreen.storyboard;
			sourceTree = "<group>";
		};
/* End PBXVariantGroup section */

/* Begin XCBuildConfiguration section */
		E591EAD823581DE000C67BAD /* Debug */ = {
			isa = XCBuildConfiguration;
			buildSettings = {
				ALWAYS_SEARCH_USER_PATHS = NO;
				CLANG_ANALYZER_NONNULL = YES;
				CLANG_ANALYZER_NUMBER_OBJECT_CONVERSION = YES_AGGRESSIVE;
				CLANG_CXX_LANGUAGE_STANDARD = "gnu++14";
				CLANG_CXX_LIBRARY = "libc++";
				CLANG_ENABLE_MODULES = YES;
				CLANG_ENABLE_OBJC_ARC = YES;
				CLANG_ENABLE_OBJC_WEAK = YES;
				CLANG_WARN_BLOCK_CAPTURE_AUTORELEASING = YES;
				CLANG_WARN_BOOL_CONVERSION = YES;
				CLANG_WARN_COMMA = YES;
				CLANG_WARN_CONSTANT_CONVERSION = YES;
				CLANG_WARN_DEPRECATED_OBJC_IMPLEMENTATIONS = YES;
				CLANG_WARN_DIRECT_OBJC_ISA_USAGE = YES_ERROR;
				CLANG_WARN_DOCUMENTATION_COMMENTS = YES;
				CLANG_WARN_EMPTY_BODY = YES;
				CLANG_WARN_ENUM_CONVERSION = YES;
				CLANG_WARN_INFINITE_RECURSION = YES;
				CLANG_WARN_INT_CONVERSION = YES;
				CLANG_WARN_NON_LITERAL_NULL_CONVERSION = YES;
				CLANG_WARN_OBJC_IMPLICIT_RETAIN_SELF = YES;
				CLANG_WARN_OBJC_LITERAL_CONVERSION = YES;
				CLANG_WARN_OBJC_ROOT_CLASS = YES_ERROR;
				CLANG_WARN_RANGE_LOOP_ANALYSIS = YES;
				CLANG_WARN_STRICT_PROTOTYPES = YES;
				CLANG_WARN_SUSPICIOUS_MOVE = YES;
				CLANG_WARN_UNGUARDED_AVAILABILITY = YES_AGGRESSIVE;
				CLANG_WARN_UNREACHABLE_CODE = YES;
				CLANG_WARN__DUPLICATE_METHOD_MATCH = YES;
				COPY_PHASE_STRIP = NO;
				DEBUG_INFORMATION_FORMAT = dwarf;
				ENABLE_STRICT_OBJC_MSGSEND = YES;
				ENABLE_TESTABILITY = YES;
				GCC_C_LANGUAGE_STANDARD = gnu11;
				GCC_DYNAMIC_NO_PIC = NO;
				GCC_NO_COMMON_BLOCKS = YES;
				GCC_OPTIMIZATION_LEVEL = 0;
				GCC_PREPROCESSOR_DEFINITIONS = (
					"DEBUG=1",
					"$(inherited)",
				);
				GCC_WARN_64_TO_32_BIT_CONVERSION = YES;
				GCC_WARN_ABOUT_RETURN_TYPE = YES_ERROR;
				GCC_WARN_UNDECLARED_SELECTOR = YES;
				GCC_WARN_UNINITIALIZED_AUTOS = YES_AGGRESSIVE;
				GCC_WARN_UNUSED_FUNCTION = YES;
				GCC_WARN_UNUSED_VARIABLE = YES;
				IPHONEOS_DEPLOYMENT_TARGET = 13.1;
				MTL_ENABLE_DEBUG_INFO = INCLUDE_SOURCE;
				MTL_FAST_MATH = YES;
				ONLY_ACTIVE_ARCH = YES;
				SDKROOT = iphoneos;
				SWIFT_ACTIVE_COMPILATION_CONDITIONS = DEBUG;
				SWIFT_OPTIMIZATION_LEVEL = "-Onone";
			};
			name = Debug;
		};
		E591EAD923581DE000C67BAD /* Release */ = {
			isa = XCBuildConfiguration;
			buildSettings = {
				ALWAYS_SEARCH_USER_PATHS = NO;
				CLANG_ANALYZER_NONNULL = YES;
				CLANG_ANALYZER_NUMBER_OBJECT_CONVERSION = YES_AGGRESSIVE;
				CLANG_CXX_LANGUAGE_STANDARD = "gnu++14";
				CLANG_CXX_LIBRARY = "libc++";
				CLANG_ENABLE_MODULES = YES;
				CLANG_ENABLE_OBJC_ARC = YES;
				CLANG_ENABLE_OBJC_WEAK = YES;
				CLANG_WARN_BLOCK_CAPTURE_AUTORELEASING = YES;
				CLANG_WARN_BOOL_CONVERSION = YES;
				CLANG_WARN_COMMA = YES;
				CLANG_WARN_CONSTANT_CONVERSION = YES;
				CLANG_WARN_DEPRECATED_OBJC_IMPLEMENTATIONS = YES;
				CLANG_WARN_DIRECT_OBJC_ISA_USAGE = YES_ERROR;
				CLANG_WARN_DOCUMENTATION_COMMENTS = YES;
				CLANG_WARN_EMPTY_BODY = YES;
				CLANG_WARN_ENUM_CONVERSION = YES;
				CLANG_WARN_INFINITE_RECURSION = YES;
				CLANG_WARN_INT_CONVERSION = YES;
				CLANG_WARN_NON_LITERAL_NULL_CONVERSION = YES;
				CLANG_WARN_OBJC_IMPLICIT_RETAIN_SELF = YES;
				CLANG_WARN_OBJC_LITERAL_CONVERSION = YES;
				CLANG_WARN_OBJC_ROOT_CLASS = YES_ERROR;
				CLANG_WARN_RANGE_LOOP_ANALYSIS = YES;
				CLANG_WARN_STRICT_PROTOTYPES = YES;
				CLANG_WARN_SUSPICIOUS_MOVE = YES;
				CLANG_WARN_UNGUARDED_AVAILABILITY = YES_AGGRESSIVE;
				CLANG_WARN_UNREACHABLE_CODE = YES;
				CLANG_WARN__DUPLICATE_METHOD_MATCH = YES;
				COPY_PHASE_STRIP = NO;
				DEBUG_INFORMATION_FORMAT = "dwarf-with-dsym";
				ENABLE_NS_ASSERTIONS = NO;
				ENABLE_STRICT_OBJC_MSGSEND = YES;
				GCC_C_LANGUAGE_STANDARD = gnu11;
				GCC_NO_COMMON_BLOCKS = YES;
				GCC_WARN_64_TO_32_BIT_CONVERSION = YES;
				GCC_WARN_ABOUT_RETURN_TYPE = YES_ERROR;
				GCC_WARN_UNDECLARED_SELECTOR = YES;
				GCC_WARN_UNINITIALIZED_AUTOS = YES_AGGRESSIVE;
				GCC_WARN_UNUSED_FUNCTION = YES;
				GCC_WARN_UNUSED_VARIABLE = YES;
				IPHONEOS_DEPLOYMENT_TARGET = 13.1;
				MTL_ENABLE_DEBUG_INFO = NO;
				MTL_FAST_MATH = YES;
				SDKROOT = iphoneos;
				SWIFT_COMPILATION_MODE = wholemodule;
				SWIFT_OPTIMIZATION_LEVEL = "-O";
				VALIDATE_PRODUCT = YES;
			};
			name = Release;
		};
		E591EADB23581DE000C67BAD /* Debug */ = {
			isa = XCBuildConfiguration;
			buildSettings = {
				ASSETCATALOG_COMPILER_APPICON_NAME = AppIcon;
				CODE_SIGN_STYLE = Automatic;
				DEVELOPMENT_TEAM = 34Z652334Z;
				INFOPLIST_FILE = PokeDex/Info.plist;
				IPHONEOS_DEPLOYMENT_TARGET = 13.0;
				LD_RUNPATH_SEARCH_PATHS = (
					"$(inherited)",
					"@executable_path/Frameworks",
				);
				MARKETING_VERSION = 1.0.0;
				PRODUCT_BUNDLE_IDENTIFIER = dev.pdramoss.PokeDex;
				PRODUCT_NAME = "$(TARGET_NAME)";
				SWIFT_VERSION = 5.0;
				TARGETED_DEVICE_FAMILY = 1;
			};
			name = Debug;
		};
		E591EADC23581DE000C67BAD /* Release */ = {
			isa = XCBuildConfiguration;
			buildSettings = {
				ASSETCATALOG_COMPILER_APPICON_NAME = AppIcon;
				CODE_SIGN_STYLE = Automatic;
				DEVELOPMENT_TEAM = 34Z652334Z;
				INFOPLIST_FILE = PokeDex/Info.plist;
				IPHONEOS_DEPLOYMENT_TARGET = 13.0;
				LD_RUNPATH_SEARCH_PATHS = (
					"$(inherited)",
					"@executable_path/Frameworks",
				);
				MARKETING_VERSION = 1.0.0;
				PRODUCT_BUNDLE_IDENTIFIER = dev.pdramoss.PokeDex;
				PRODUCT_NAME = "$(TARGET_NAME)";
				SWIFT_VERSION = 5.0;
				TARGETED_DEVICE_FAMILY = 1;
			};
			name = Release;
		};
		E591EADE23581DE000C67BAD /* Debug */ = {
			isa = XCBuildConfiguration;
			buildSettings = {
				ALWAYS_EMBED_SWIFT_STANDARD_LIBRARIES = YES;
				BUNDLE_LOADER = "$(TEST_HOST)";
				CODE_SIGN_STYLE = Automatic;
				DEVELOPMENT_TEAM = 34Z652334Z;
				INFOPLIST_FILE = PokeDexTests/Info.plist;
				IPHONEOS_DEPLOYMENT_TARGET = 13.1;
				LD_RUNPATH_SEARCH_PATHS = (
					"$(inherited)",
					"@executable_path/Frameworks",
					"@loader_path/Frameworks",
				);
				PRODUCT_BUNDLE_IDENTIFIER = dev.pdramoss.PokeDexTests;
				PRODUCT_NAME = "$(TARGET_NAME)";
				SWIFT_VERSION = 5.0;
				TARGETED_DEVICE_FAMILY = "1,2";
				TEST_HOST = "$(BUILT_PRODUCTS_DIR)/PokeDex.app/PokeDex";
			};
			name = Debug;
		};
		E591EADF23581DE000C67BAD /* Release */ = {
			isa = XCBuildConfiguration;
			buildSettings = {
				ALWAYS_EMBED_SWIFT_STANDARD_LIBRARIES = YES;
				BUNDLE_LOADER = "$(TEST_HOST)";
				CODE_SIGN_STYLE = Automatic;
				DEVELOPMENT_TEAM = 34Z652334Z;
				INFOPLIST_FILE = PokeDexTests/Info.plist;
				IPHONEOS_DEPLOYMENT_TARGET = 13.1;
				LD_RUNPATH_SEARCH_PATHS = (
					"$(inherited)",
					"@executable_path/Frameworks",
					"@loader_path/Frameworks",
				);
				PRODUCT_BUNDLE_IDENTIFIER = dev.pdramoss.PokeDexTests;
				PRODUCT_NAME = "$(TARGET_NAME)";
				SWIFT_VERSION = 5.0;
				TARGETED_DEVICE_FAMILY = "1,2";
				TEST_HOST = "$(BUILT_PRODUCTS_DIR)/PokeDex.app/PokeDex";
			};
			name = Release;
		};
/* End XCBuildConfiguration section */

/* Begin XCConfigurationList section */
		E591EAB623581DDF00C67BAD /* Build configuration list for PBXProject "PokeDex" */ = {
			isa = XCConfigurationList;
			buildConfigurations = (
				E591EAD823581DE000C67BAD /* Debug */,
				E591EAD923581DE000C67BAD /* Release */,
			);
			defaultConfigurationIsVisible = 0;
			defaultConfigurationName = Release;
		};
		E591EADA23581DE000C67BAD /* Build configuration list for PBXNativeTarget "PokeDex" */ = {
			isa = XCConfigurationList;
			buildConfigurations = (
				E591EADB23581DE000C67BAD /* Debug */,
				E591EADC23581DE000C67BAD /* Release */,
			);
			defaultConfigurationIsVisible = 0;
			defaultConfigurationName = Release;
		};
		E591EADD23581DE000C67BAD /* Build configuration list for PBXNativeTarget "PokeDexTests" */ = {
			isa = XCConfigurationList;
			buildConfigurations = (
				E591EADE23581DE000C67BAD /* Debug */,
				E591EADF23581DE000C67BAD /* Release */,
			);
			defaultConfigurationIsVisible = 0;
			defaultConfigurationName = Release;
		};
/* End XCConfigurationList section */
	};
	rootObject = E591EAB323581DDF00C67BAD /* Project object */;
}
